PODS:
  - Alamofire (4.9.0)
  - Kingfisher (5.8.3):
    - Kingfisher/Core (= 5.8.3)
  - Kingfisher/Core (5.8.3)
  - MBProgressHUD (1.1.0)
  - SwiftLint (0.24.2)

DEPENDENCIES:
  - Alamofire
  - Kingfisher (~> 5.0)
  - MBProgressHUD (~> 1.1)
  - SwiftLint

SPEC REPOS:
  https://github.com/cocoapods/specs.git:
    - Alamofire
    - Kingfisher
    - MBProgressHUD
    - SwiftLint

SPEC CHECKSUMS:
  Alamofire: afc3e7c6db61476cb45cdd23fed06bad03bbc321
  Kingfisher: b7e4cb65ff24c264bd2a1284b75b974d907afd94
  MBProgressHUD: e7baa36a220447d8aeb12769bf0585582f3866d9
  SwiftLint: 2aa21b96c8d13396a051bc1cb659d2ce1e0075b0

PODFILE CHECKSUM: 8d4dc727dd48646a7755ce128d74754cb01c312d

COCOAPODS: 1.5.3
